
Microsoft Visual Studio Solution File, Format Version 12.00
# Visual Studio 15
VisualStudioVersion = 15.0.28010.2019
MinimumVisualStudioVersion = 10.0.40219.1
Project("{FAE04EC0-301F-11D3-BF4B-00C04F79EFBC}") = "WindowsFormsApp5", "WindowsFormsApp5\WindowsFormsApp5.csproj", "{0253C9F4-FF07-4CA1-B289-0B53F2739013}"
EndProject
Global
	GlobalSection(SolutionConfigurationPlatforms) = preSolution
		Debug|Any CPU = Debug|Any CPU
		Release|Any CPU = Release|Any CPU
	EndGlobalSection
	GlobalSection(ProjectConfigurationPlatforms) = postSolution
		{0253C9F4-FF07-4CA1-B289-0B53F2739013}.Debug|Any CPU.ActiveCfg = Debug|Any CPU
		{0253C9F4-FF07-4CA1-B289-0B53F2739013}.Debug|Any CPU.Build.0 = Debug|Any CPU
		{0253C9F4-FF07-4CA1-B289-0B53F2739013}.Release|Any CPU.ActiveCfg = Release|Any CPU
		{0253C9F4-FF07-4CA1-B289-0B53F2739013}.Release|Any CPU.Build.0 = Release|Any CPU
	EndGlobalSection
	GlobalSection(SolutionProperties) = preSolution
		HideSolutionNode = FALSE
	EndGlobalSection
	GlobalSection(ExtensibilityGlobals) = postSolution
		SolutionGuid = {68450062-F10B-4741-9FA5-B0D64E291CE1}
	EndGlobalSection
EndGlobal
